
Microsoft Visual Studio Solution File, Format Version 12.00
# Visual Studio Version 17
VisualStudioVersion = 17.9.34728.123
MinimumVisualStudioVersion = 10.0.40219.1
Project("{FAE04EC0-301F-11D3-BF4B-00C04F79EFBC}") = "Library Management System", "Library Management System\Library Management System.csproj", "{35B36B88-35A3-445E-AC11-1F61A4C05D9A}"
EndProject
Global
	GlobalSection(SolutionConfigurationPlatforms) = preSolution
		Debug|Any CPU = Debug|Any CPU
		Release|Any CPU = Release|Any CPU
	EndGlobalSection
	GlobalSection(ProjectConfigurationPlatforms) = postSolution
		{35B36B88-35A3-445E-AC11-1F61A4C05D9A}.Debug|Any CPU.ActiveCfg = Debug|Any CPU
		{35B36B88-35A3-445E-AC11-1F61A4C05D9A}.Debug|Any CPU.Build.0 = Debug|Any CPU
		{35B36B88-35A3-445E-AC11-1F61A4C05D9A}.Release|Any CPU.ActiveCfg = Release|Any CPU
		{35B36B88-35A3-445E-AC11-1F61A4C05D9A}.Release|Any CPU.Build.0 = Release|Any CPU
	EndGlobalSection
	GlobalSection(SolutionProperties) = preSolution
		HideSolutionNode = FALSE
	EndGlobalSection
	GlobalSection(ExtensibilityGlobals) = postSolution
		SolutionGuid = {89ED04DF-683D-487E-AB51-7FADFB7DFAA5}
	EndGlobalSection
EndGlobal
